github.com/aws/aws-lambda-go v1.34.1 h1:M3a/uFYBjii+tDcOJ0wL/WyFi2550FHoECdPf27zvOs=
github.com/aws/aws-lambda-go v1.34.1/go.mod h1:jwFe2KmMsHmffA1X2R09hH6lFzJQxzI8qK17ewzbQMM=
github.com/davecgh/go-spew v1.1.1 h1:vj9j/u1bqnvCEfJOwUhtlOARqs3+rkHYY13jYWTU97c=
github.com/go-sql-driver/mysql v1.6.0 h1:BCTh4TKNUYmOmMUcQ3IipzF5prigylS7XXjEkfCHuOE=
github.com/go-sql-driver/mysql v1.6.0/go.mod h1:DCzpHaOWr8IXmIStZouvnhqoel9Qv2LBy8hT2VhHyBg=
github.com/google/uuid v1.3.0 h1:t6JiXgmwXMjEs8VusXIJk2BXHsn+wx8BZdTaoZ5fu7I=
github.com/google/uuid v1.3.0/go.mod h1:TIyPZe4MgqvfeYDBFedMoGGpEw/LqOeaOT+nhxU+yHo=
github.com/ipthomas/tukcnst v1.0.0 h1:1jI9uxBIBPgSBEw/FOmWEfZhRJ2eTXSElxu174oB/SQ=
github.com/ipthomas/tukcnst v1.0.0/go.mod h1:ciOdJbw8hryjilsWjN0vhtF3ZbSfEKUd7wfzU0IZ2X8=
github.com/ipthomas/tukcnst v1.0.3 h1:y8SauA7d8skNLu25ZI27zJzWxsF0e9b1HDywcPHmdak=
github.com/ipthomas/tukcnst v1.0.3/go.mod h1:ciOdJbw8hryjilsWjN0vhtF3ZbSfEKUd7wfzU0IZ2X8=
github.com/ipthomas/tukcnst v1.0.5 h1:wxH9Xy42IZm1brPLRXKug1dYRSgDPFDWJuV6OmhXoSs=
github.com/ipthomas/tukcnst v1.0.5/go.mod h1:ciOdJbw8hryjilsWjN0vhtF3ZbSfEKUd7wfzU0IZ2X8=
github.com/ipthomas/tukdbint v0.0.0-20220912193842-dabe6708e17f h1:QkVVXCRkY5k9k64GZOyVTlCLSDyNzhN3NqKSo2YLsHY=
github.com/ipthomas/tukdbint v0.0.0-20220912193842-dabe6708e17f/go.mod h1:lpgd9CJw4U5FHvnwvVTUbWNV4e3ZpzWNm5bVrbeHC6Q=
github.com/ipthomas/tukdsub v0.0.0-20220912200745-d6fe8de26ddd h1:ecCMpwUbe9RkQdZJ2PcRT40PCPQZ7XjUILFPVZsYjMw=
github.com/ipthomas/tukdsub v0.0.0-20220912200745-d6fe8de26ddd/go.mod h1:3sxGE3uRf221zBkLl9LkTA+M2AFJkIMhmpsVhQhBGO4=
github.com/ipthomas/tukhttp v0.0.0-20220912193134-ffb1e7b0b02a h1:7dgltfTjXmG3eG+YqlSbIGmxh9aVOfPq8VlIxqbR0qc=
github.com/ipthomas/tukhttp v0.0.0-20220912193134-ffb1e7b0b02a/go.mod h1:AKbBRvuuucgQ4le8kS67giV8JA84mPNUkixc2f1vYQY=
github.com/ipthomas/tukhttp v1.0.5 h1:HucNErMi8oHaj6RC1QnDjE2sbPyFogxSlvovJv693MU=
github.com/ipthomas/tukhttp v1.0.5/go.mod h1:AKbBRvuuucgQ4le8kS67giV8JA84mPNUkixc2f1vYQY=
github.com/ipthomas/tukint v0.0.0-20220831173209-7ac67161d3ab h1:nCodAlxYUd9V3juXLEwU0VBKvpYDRU/8thqikP4HmNA=
github.com/ipthomas/tukint v0.0.0-20220831173209-7ac67161d3ab/go.mod h1:VTZMgC2XJ3U1F/ebj/mFecovk83zbtTwUIEHK8kiOwI=
github.com/ipthomas/tukint v0.0.0-20220906122701-f4328a55b829 h1:Td20z9RmU6wrjMHn7beYd2mJ4oravOmMU+x5iwuoAKQ=
github.com/ipthomas/tukint v0.0.0-20220906122701-f4328a55b829/go.mod h1:4vuR/MRQsPZPxAfanSznNklONESMNst4TFbY2lVdgNU=
github.com/ipthomas/tukint v0.0.0-20220912193539-e78874d70725 h1:qzKz3vCk/36qidKgeYF7rLYmw3h5sz25rQKIS3FTyds=
github.com/ipthomas/tukint v0.0.0-20220912193539-e78874d70725/go.mod h1:aERyix9sDfE4eoM1aEHkBuJShYeONj78bjl2j6GSKSs=
github.com/ipthomas/tukpixm v0.0.0-20220912152010-d85d0e288617 h1:+dE4lgzMbBY3cKZoXnGtj2CQAuirz+fcc11K/Y5ZS7Y=
github.com/ipthomas/tukpixm v0.0.0-20220912152010-d85d0e288617/go.mod h1:9BEsUWvXrLqCeke1X/1BJN2BHPZphQqo9F4XdPTGyY4=
github.com/ipthomas/tukpixm v0.0.0-20220913133946-812e83b97d1e h1:14CFyoIwaqNot8tQ/RByjS+i3VxQLIuyTuwFLjJRs0k=
github.com/ipthomas/tukpixm v0.0.0-20220913133946-812e83b97d1e/go.mod h1:8dfpzYGxe1+4e6TjEpmH+XvpVo6wYAg1eweAYbc1rw8=
github.com/ipthomas/tukpixm v1.0.5 h1:q6uX1QIjmTNJqEZPaxKElTXfu2CXZDfAAqoH9b48FFc=
github.com/ipthomas/tukpixm v1.0.5/go.mod h1:2uPhYpJBQvPhq9BLIAWl7oKGRDkgUjB9iLNzmYOlgyc=
github.com/ipthomas/tukutil v0.0.0-20220830163813-57ec08ced5bd h1:2Lp5d2EXmGArjuq+tXfLd7RuwnkgDyVr1872b7nJj9I=
github.com/ipthomas/tukutil v0.0.0-20220830163813-57ec08ced5bd/go.mod h1:SRe4O0j2q9fnpN1W9d077JmHv4OiOHaXT2D6dUKBdBU=
github.com/ipthomas/tukutil v0.0.0-20220912190241-6f399bf71d4b h1:U70cQBlicj+b7srKsV3y0WYx7iv7jjUxhjPq90SP4cI=
github.com/ipthomas/tukutil v0.0.0-20220912190241-6f399bf71d4b/go.mod h1:a7z9BhMk/h6K0jqEL6NTJePNB/tYR5SH74GkaiiP0q8=
github.com/ipthomas/tukutil v1.0.5 h1:aGS8wuS/8HuQZYnPkVUmZ77szonr+sI8QBXqSTtYoug=
github.com/ipthomas/tukutil v1.0.5/go.mod h1:a7z9BhMk/h6K0jqEL6NTJePNB/tYR5SH74GkaiiP0q8=
github.com/pmezard/go-difflib v1.0.0 h1:4DBwDE0NGyQoBHbLQYPwSUPoCMWR5BEzIk/f1lZbAQM=
github.com/stretchr/testify v1.7.2 h1:4jaiDzPyXQvSd7D0EjG45355tLlV3VOECpq10pLC+8s=
gopkg.in/yaml.v3 v3.0.1 h1:fxVm/GzAzEWqLHuvctI91KS9hhNmmWOoWu0XTYJS7CA=
