github.com/aws/aws-lambda-go v1.34.1 h1:M3a/uFYBjii+tDcOJ0wL/WyFi2550FHoECdPf27zvOs=
github.com/aws/aws-lambda-go v1.34.1/go.mod h1:jwFe2KmMsHmffA1X2R09hH6lFzJQxzI8qK17ewzbQMM=
github.com/davecgh/go-spew v1.1.1 h1:vj9j/u1bqnvCEfJOwUhtlOARqs3+rkHYY13jYWTU97c=
github.com/go-sql-driver/mysql v1.6.0 h1:BCTh4TKNUYmOmMUcQ3IipzF5prigylS7XXjEkfCHuOE=
github.com/go-sql-driver/mysql v1.6.0/go.mod h1:DCzpHaOWr8IXmIStZouvnhqoel9Qv2LBy8hT2VhHyBg=
github.com/google/uuid v1.3.0 h1:t6JiXgmwXMjEs8VusXIJk2BXHsn+wx8BZdTaoZ5fu7I=
github.com/google/uuid v1.3.0/go.mod h1:TIyPZe4MgqvfeYDBFedMoGGpEw/LqOeaOT+nhxU+yHo=
github.com/ipthomas/tukcnst v1.0.5 h1:wxH9Xy42IZm1brPLRXKug1dYRSgDPFDWJuV6OmhXoSs=
github.com/ipthomas/tukcnst v1.0.5/go.mod h1:ciOdJbw8hryjilsWjN0vhtF3ZbSfEKUd7wfzU0IZ2X8=
github.com/ipthomas/tukdbint v1.0.6 h1:jogbt0POJ+k3uK2K4KtnCKS4mxBuhjpQu8CIJYKrPLQ=
github.com/ipthomas/tukdbint v1.0.6/go.mod h1:+FRBdrCTk2giXEOB3ttvNAQkNTHcadAfuQgQf4ObfH8=
github.com/ipthomas/tukdsub v1.0.6 h1:B2LTJe/1eZXXy1uRB1CpDVMYZgOqhbpiDu5vO2MYDME=
github.com/ipthomas/tukdsub v1.0.6/go.mod h1:Da4qa107Ry3trOHykQNk76eT1lD87hUykg1HgwEJVjc=
github.com/ipthomas/tukhttp v1.0.6 h1:P92WgugEddA2EWlxOssWk1jVw4eHMO9wTTeLp9Faq1E=
github.com/ipthomas/tukhttp v1.0.6/go.mod h1:3VdgcQIY3ORdg7RTkTdKPaOhKDCT8Yg9oyBoJ9zzPik=
github.com/ipthomas/tukint v0.0.0-20220915103035-1b5f2e68f988 h1:VO2g9GvQGIFHblYsykty8jfi/ibk961bonT6oiRCH3k=
github.com/ipthomas/tukint v0.0.0-20220915103035-1b5f2e68f988/go.mod h1:XdLg/lLXNds9AaAFrr5mHw/s/UTXeWa3S/j9fO6T4V8=
github.com/ipthomas/tukint v1.0.6 h1:ihOi66FQUgiBupG2hkx5DA/WqS8awm41/pPU9aNfrbU=
github.com/ipthomas/tukint v1.0.6/go.mod h1:IgDctbQmwdvTsqJf7SBBuAYFxekneHIZhrrsrys+mlA=
github.com/ipthomas/tukpixm v1.0.6 h1:NSQ7CaEkEDfKOLgr774iKtWysYGD/WAUy9KG55QpdKI=
github.com/ipthomas/tukpixm v1.0.6/go.mod h1:kZXJqApKiTtWZ/UbyeovpWvlvB1rXeR0XJR4oH3g6Co=
github.com/ipthomas/tukutil v1.0.6 h1:UB100/G7weRUNUNEUqjIhMpiS9KER7DvaNbJtM0vhps=
github.com/ipthomas/tukutil v1.0.6/go.mod h1:5t75VCM6PDN+Oj7GEhP0xQrQouGDotV7Nc8Kn1l8thw=
github.com/pmezard/go-difflib v1.0.0 h1:4DBwDE0NGyQoBHbLQYPwSUPoCMWR5BEzIk/f1lZbAQM=
github.com/stretchr/testify v1.7.2 h1:4jaiDzPyXQvSd7D0EjG45355tLlV3VOECpq10pLC+8s=
gopkg.in/yaml.v3 v3.0.1 h1:fxVm/GzAzEWqLHuvctI91KS9hhNmmWOoWu0XTYJS7CA=
