github.com/aws/aws-lambda-go v1.34.1 h1:M3a/uFYBjii+tDcOJ0wL/WyFi2550FHoECdPf27zvOs=
github.com/aws/aws-lambda-go v1.34.1/go.mod h1:jwFe2KmMsHmffA1X2R09hH6lFzJQxzI8qK17ewzbQMM=
github.com/davecgh/go-spew v1.1.1 h1:vj9j/u1bqnvCEfJOwUhtlOARqs3+rkHYY13jYWTU97c=
github.com/go-sql-driver/mysql v1.6.0 h1:BCTh4TKNUYmOmMUcQ3IipzF5prigylS7XXjEkfCHuOE=
github.com/go-sql-driver/mysql v1.6.0/go.mod h1:DCzpHaOWr8IXmIStZouvnhqoel9Qv2LBy8hT2VhHyBg=
github.com/google/uuid v1.3.0 h1:t6JiXgmwXMjEs8VusXIJk2BXHsn+wx8BZdTaoZ5fu7I=
github.com/google/uuid v1.3.0/go.mod h1:TIyPZe4MgqvfeYDBFedMoGGpEw/LqOeaOT+nhxU+yHo=
github.com/ipthomas/tukcnst v1.2.13 h1:tcf+ZBXu08WF6/tssHz3Zdkjl+U9bfNXmAsfH6vZeww=
github.com/ipthomas/tukcnst v1.2.13/go.mod h1:ciOdJbw8hryjilsWjN0vhtF3ZbSfEKUd7wfzU0IZ2X8=
github.com/ipthomas/tukcnst v1.2.15 h1:KH8Fi7mMGzglyQ1reWdRjEcY3V2OmTVQksy20fRBJNs=
github.com/ipthomas/tukcnst v1.2.15/go.mod h1:ciOdJbw8hryjilsWjN0vhtF3ZbSfEKUd7wfzU0IZ2X8=
github.com/ipthomas/tukcnst v1.3.1 h1:hPIumMHHTceETH9St5FBJ2q946O1JCBFiD1ZEcikHJs=
github.com/ipthomas/tukcnst v1.3.1/go.mod h1:ciOdJbw8hryjilsWjN0vhtF3ZbSfEKUd7wfzU0IZ2X8=
github.com/ipthomas/tukdbint v1.2.6 h1:VRjs86AfcsblcwbA5dMFRis75mD0eVGGIP5yvuF+UTI=
github.com/ipthomas/tukdbint v1.2.6/go.mod h1:DdxwSJZ2sEocZj/9TiY2DbT6TDLOiAKeiOSua+yDT58=
github.com/ipthomas/tukdbint v1.2.7 h1:zbK7IRI1kJDuaDo3qDc0OQSPHVimmMIgW8RArfdiZ2c=
github.com/ipthomas/tukdbint v1.2.7/go.mod h1:aLhbxZ8s+q/ew0RLm6Ws4QcGe1jz18jCpNeP/5PHHOA=
github.com/ipthomas/tukdbint v1.2.9 h1:WqRCqW98UkowFtSsb/nBSJ0WfuKf9J/xmdejl3XDudA=
github.com/ipthomas/tukdbint v1.2.9/go.mod h1:/0slWLIt66pOk+L+9lY1HowP61oHQ263isyYthJX29g=
github.com/ipthomas/tukdbint v1.3.1 h1:mG001iW+JCdCb3Eq5+hBIixgrShExrtiUGpjd2DukMo=
github.com/ipthomas/tukdbint v1.3.1/go.mod h1:2+foj67PqyLSPUr7Evc1PEspq5sBUKWn1HerD/gMgSk=
github.com/ipthomas/tukdsub v1.2.16 h1:LtDj7khmajgSoDijVHwm8q+6ae3RqBOsd+Ee6fdGXg4=
github.com/ipthomas/tukdsub v1.2.16/go.mod h1:3e6M/tIJ4cQj8Gf+EHc0roXuEukTNrtrCb2O+JNwc8Q=
github.com/ipthomas/tukdsub v1.2.18 h1:HJwNtO4tnSRR6N3xcx26b8TBjGVI9Ya2Di//sccrMmA=
github.com/ipthomas/tukdsub v1.2.18/go.mod h1:3e6M/tIJ4cQj8Gf+EHc0roXuEukTNrtrCb2O+JNwc8Q=
github.com/ipthomas/tukdsub v1.2.19 h1:73VhmBRdUwplh9wNfmbaNKFNy2v0bIvvCm+J/00Plvs=
github.com/ipthomas/tukdsub v1.2.19/go.mod h1:Gqk2Qv+GmjCR/PWlhLrKCBL235GSt9p6FRGz4aBp1oA=
github.com/ipthomas/tukdsub v1.2.21 h1:mK1SO3x4DEh7U+ATXS3V/Fbe74sfUxaC7WRyrNK1E7k=
github.com/ipthomas/tukdsub v1.2.21/go.mod h1:rNRq2OFuafwtTMgkJZRJDhtN9uSLcMVDoB2eeUXF1YY=
github.com/ipthomas/tukdsub v1.3.1 h1:HWOSYAQJYn3+t2fURrih3H/5fIK551OPGoLTlOZHZr4=
github.com/ipthomas/tukdsub v1.3.1/go.mod h1:VbLTkjDALH6juwh3UmDa9AnnbFWxg2ZuDMjUZ3D7r8U=
github.com/ipthomas/tukhttp v1.2.11 h1:JAOt4iMlGeyVpNZosUWsKNKOkkWwA7ibQUStzTcU9GM=
github.com/ipthomas/tukhttp v1.2.11/go.mod h1:HWDrtUwakgrYIcwkOkoyBKC6Q5RHAwCGZN+R2JDLzL0=
github.com/ipthomas/tukhttp v1.2.13 h1:m5ZVD0mqKomq8CX0TAuj7eE++/mvt6/yYLyTJZRxpIw=
github.com/ipthomas/tukhttp v1.2.13/go.mod h1:DkPaRKLUSKec3YutOBstXVrmSZHMnMeEoj3yi/KoP3A=
github.com/ipthomas/tukhttp v1.3.1 h1:gY03v34iBzyCUEtxaSrYWD+E3wO/aB0gamD41ejofpg=
github.com/ipthomas/tukhttp v1.3.1/go.mod h1:pHZpbgYb68GLoX3QFoAY3zNb6iiuYUcJItYcSKAyqiM=
github.com/ipthomas/tukpdq v1.2.29 h1:p1UKZjBFpePrOXNz2iw8mguqETZr4Gszi1pBjIssqmM=
github.com/ipthomas/tukpdq v1.2.29/go.mod h1:hublA1pWA83DUrXstmdPU45MwTI3m+yM59cpQdJqHbs=
github.com/ipthomas/tukpdq v1.2.30 h1:kz2lpDDyISbWeODmdS1oVYDHw4skdybFml8BzizCBJ0=
github.com/ipthomas/tukpdq v1.2.30/go.mod h1:E/9qLc0WoguLoUSC87Nc1OsiTZpSczdM/XKRk6sNogU=
github.com/ipthomas/tukpdq v1.2.32 h1:UT/kEJz2oXWfcrwQDik6W31iYgFlGQkLwdwfwtypNfU=
github.com/ipthomas/tukpdq v1.2.32/go.mod h1:E/9qLc0WoguLoUSC87Nc1OsiTZpSczdM/XKRk6sNogU=
github.com/ipthomas/tukpdq v1.3.1 h1:OnEBaNgTsphltfyVM/C0i/SaWW0Es7+32UzYlfrf8CE=
github.com/ipthomas/tukpdq v1.3.1/go.mod h1:GrBWHImCV4GI7NL4qaUNesvEucGIz+3NIM+XnfsVOfU=
github.com/ipthomas/tukutil v1.2.5 h1:umNgDeI1RuxAMN0r608oVqhzEOhRK+ikmP/ZAjVCp/E=
github.com/ipthomas/tukutil v1.2.5/go.mod h1:qrhVW8O1dIAeixAeimwJ3qS3z/xpxcPd2YyhD2JHYsw=
github.com/ipthomas/tukutil v1.2.6 h1:1pb6k/jP838YEWlFfLIrdtXTOWvDRDo9b2mE6WQ1Fbk=
github.com/ipthomas/tukutil v1.2.6/go.mod h1:qrhVW8O1dIAeixAeimwJ3qS3z/xpxcPd2YyhD2JHYsw=
github.com/ipthomas/tukutil v1.2.7 h1:kdkg/qeJU+5feM3i32osmT15joBkEAmxgQITxtVEWDs=
github.com/ipthomas/tukutil v1.2.7/go.mod h1:9f338DybNfaGo7QAJLiTm+StKDz2uXltBWkbrVc/ta4=
github.com/ipthomas/tukutil v1.3.1 h1:xH821n8rBR7WuRo4qY1jvzLuBqPL7JijWtnVYpZyXm0=
github.com/ipthomas/tukutil v1.3.1/go.mod h1:JBSSghx/fYveAdXuN0E0HBRRFErhpcxl6JFUXuJsxVE=
github.com/ipthomas/tukxdw v1.0.2 h1:iofpEriajYCnhqpnkJWXGrmHxGur7lk8gfbDlEsa96k=
github.com/ipthomas/tukxdw v1.0.2/go.mod h1:zc1VGgBZm5N7iGlNPt/va89zAW6qSmZJphvdXXi8tNU=
github.com/ipthomas/tukxdw v1.0.3 h1:c9hSGgSk+ns+Gm05r+52YCrAdu45fvj7URxe+wU0QiU=
github.com/ipthomas/tukxdw v1.0.3/go.mod h1:zc1VGgBZm5N7iGlNPt/va89zAW6qSmZJphvdXXi8tNU=
github.com/ipthomas/tukxdw v1.0.8 h1:+BRmeY4zvfHmW2OpOc0saZNtfXbPcb/TulCBGW3G6FU=
github.com/ipthomas/tukxdw v1.0.8/go.mod h1:qdZtn2Z9+OEfx9UFLSBnxhjiRyIfc8FZqMvy+PqObLc=
github.com/ipthomas/tukxdw v1.0.9 h1:zJzA/kpnGUWh/e0HMX/R17pla9aaFJaw1P3pHWhibHk=
github.com/ipthomas/tukxdw v1.0.9/go.mod h1:DXy5rmvJO7kVI/yZtoeGim06cLMZezdvj08+gbZ/oQM=
github.com/ipthomas/tukxdw v1.0.10 h1:LOzfU9yc341rfDh43eyQHnHpV7Q81CQm04855rh1KNw=
github.com/ipthomas/tukxdw v1.0.10/go.mod h1:JhCW4DBqAPmJB3DE9/YTj2Psjrv7OmeQ5dswuJuYJR0=
github.com/ipthomas/tukxdw v1.3.1 h1:bF4fh0oOwN5Krtb2pYqWTfgvF+QvhPqqMbNM/miGpA4=
github.com/ipthomas/tukxdw v1.3.1/go.mod h1:mofwqTTMWJAZ59yYweR3CuIXUX0W1fEcanX/YPDCRXk=
github.com/pmezard/go-difflib v1.0.0 h1:4DBwDE0NGyQoBHbLQYPwSUPoCMWR5BEzIk/f1lZbAQM=
github.com/stretchr/testify v1.7.2 h1:4jaiDzPyXQvSd7D0EjG45355tLlV3VOECpq10pLC+8s=
gopkg.in/yaml.v3 v3.0.1 h1:fxVm/GzAzEWqLHuvctI91KS9hhNmmWOoWu0XTYJS7CA=
